// !$*UTF8*$!
{
	archiveVersion = 1;
	classes = {
	};
	objectVersion = 55;
	objects = {

/* Begin PBXBuildFile section */
		09CA62CC28E87A7100576AB9 /* AppDelegate.swift in Sources */ = {isa = PBXBuildFile; fileRef = 09CA62CB28E87A7100576AB9 /* AppDelegate.swift */; };
		09CA62CE28E87A7100576AB9 /* SceneDelegate.swift in Sources */ = {isa = PBXBuildFile; fileRef = 09CA62CD28E87A7100576AB9 /* SceneDelegate.swift */; };
		09CA62D028E87A7100576AB9 /* ViewController.swift in Sources */ = {isa = PBXBuildFile; fileRef = 09CA62CF28E87A7100576AB9 /* ViewController.swift */; };
		09CA62D328E87A7100576AB9 /* Main.storyboard in Resources */ = {isa = PBXBuildFile; fileRef = 09CA62D128E87A7100576AB9 /* Main.storyboard */; };
		09CA62D528E87A7200576AB9 /* Assets.xcassets in Resources */ = {isa = PBXBuildFile; fileRef = 09CA62D428E87A7200576AB9 /* Assets.xcassets */; };
		09CA62D828E87A7200576AB9 /* LaunchScreen.storyboard in Resources */ = {isa = PBXBuildFile; fileRef = 09CA62D628E87A7200576AB9 /* LaunchScreen.storyboard */; };
		09CA62E128E87AAD00576AB9 /* Swinject in Frameworks */ = {isa = PBXBuildFile; productRef = 09CA62E028E87AAD00576AB9 /* Swinject */; };
		09CA62E328E87B0A00576AB9 /* BackgroundProvidingClass.swift in Sources */ = {isa = PBXBuildFile; fileRef = 09CA62E228E87B0A00576AB9 /* BackgroundProvidingClass.swift */; };
		09CA62E528E87B2900576AB9 /* BackgroundProviderProtocol.swift in Sources */ = {isa = PBXBuildFile; fileRef = 09CA62E428E87B2900576AB9 /* BackgroundProviderProtocol.swift */; };
		09CA62E728E87B5A00576AB9 /* NextVCViewController.swift in Sources */ = {isa = PBXBuildFile; fileRef = 09CA62E628E87B5A00576AB9 /* NextVCViewController.swift */; };
/* End PBXBuildFile section */

/* Begin PBXFileReference section */
		09CA62C828E87A7100576AB9 /* DependencyInjection.app */ = {isa = PBXFileReference; explicitFileType = wrapper.application; includeInIndex = 0; path = DependencyInjection.app; sourceTree = BUILT_PRODUCTS_DIR; };
		09CA62CB28E87A7100576AB9 /* AppDelegate.swift */ = {isa = PBXFileReference; lastKnownFileType = sourcecode.swift; path = AppDelegate.swift; sourceTree = "<group>"; };
		09CA62CD28E87A7100576AB9 /* SceneDelegate.swift */ = {isa = PBXFileReference; lastKnownFileType = sourcecode.swift; path = SceneDelegate.swift; sourceTree = "<group>"; };
		09CA62CF28E87A7100576AB9 /* ViewController.swift */ = {isa = PBXFileReference; lastKnownFileType = sourcecode.swift; path = ViewController.swift; sourceTree = "<group>"; };
		09CA62D228E87A7100576AB9 /* Base */ = {isa = PBXFileReference; lastKnownFileType = file.storyboard; name = Base; path = Base.lproj/Main.storyboard; sourceTree = "<group>"; };
		09CA62D428E87A7200576AB9 /* Assets.xcassets */ = {isa = PBXFileReference; lastKnownFileType = folder.assetcatalog; path = Assets.xcassets; sourceTree = "<group>"; };
		09CA62D728E87A7200576AB9 /* Base */ = {isa = PBXFileReference; lastKnownFileType = file.storyboard; name = Base; path = Base.lproj/LaunchScreen.storyboard; sourceTree = "<group>"; };
		09CA62D928E87A7200576AB9 /* Info.plist */ = {isa = PBXFileReference; lastKnownFileType = text.plist.xml; path = Info.plist; sourceTree = "<group>"; };
		09CA62E228E87B0A00576AB9 /* BackgroundProvidingClass.swift */ = {isa = PBXFileReference; lastKnownFileType = sourcecode.swift; path = BackgroundProvidingClass.swift; sourceTree = "<group>"; };
		09CA62E428E87B2900576AB9 /* BackgroundProviderProtocol.swift */ = {isa = PBXFileReference; lastKnownFileType = sourcecode.swift; path = BackgroundProviderProtocol.swift; sourceTree = "<group>"; };
		09CA62E628E87B5A00576AB9 /* NextVCViewController.swift */ = {isa = PBXFileReference; lastKnownFileType = sourcecode.swift; path = NextVCViewController.swift; sourceTree = "<group>"; };
/* End PBXFileReference section */

/* Begin PBXFrameworksBuildPhase section */
		09CA62C528E87A7100576AB9 /* Frameworks */ = {
			isa = PBXFrameworksBuildPhase;
			buildActionMask = 2147483647;
			files = (
				09CA62E128E87AAD00576AB9 /* Swinject in Frameworks */,
			);
			runOnlyForDeploymentPostprocessing = 0;
		};
/* End PBXFrameworksBuildPhase section */

/* Begin PBXGroup section */
		09CA62BF28E87A7100576AB9 = {
			isa = PBXGroup;
			children = (
				09CA62CA28E87A7100576AB9 /* DependencyInjection */,
				09CA62C928E87A7100576AB9 /* Products */,
			);
			sourceTree = "<group>";
		};
		09CA62C928E87A7100576AB9 /* Products */ = {
			isa = PBXGroup;
			children = (
				09CA62C828E87A7100576AB9 /* DependencyInjection.app */,
			);
			name = Products;
			sourceTree = "<group>";
		};
		09CA62CA28E87A7100576AB9 /* DependencyInjection */ = {
			isa = PBXGroup;
			children = (
				09CA62CB28E87A7100576AB9 /* AppDelegate.swift */,
				09CA62CD28E87A7100576AB9 /* SceneDelegate.swift */,
				09CA62CF28E87A7100576AB9 /* ViewController.swift */,
				09CA62E628E87B5A00576AB9 /* NextVCViewController.swift */,
				09CA62E428E87B2900576AB9 /* BackgroundProviderProtocol.swift */,
				09CA62E228E87B0A00576AB9 /* BackgroundProvidingClass.swift */,
				09CA62D128E87A7100576AB9 /* Main.storyboard */,
				09CA62D428E87A7200576AB9 /* Assets.xcassets */,
				09CA62D628E87A7200576AB9 /* LaunchScreen.storyboard */,
				09CA62D928E87A7200576AB9 /* Info.plist */,
			);
			path = DependencyInjection;
			sourceTree = "<group>";
		};
/* End PBXGroup section */

/* Begin PBXNativeTarget section */
		09CA62C728E87A7100576AB9 /* DependencyInjection */ = {
			isa = PBXNativeTarget;
			buildConfigurationList = 09CA62DC28E87A7200576AB9 /* Build configuration list for PBXNativeTarget "DependencyInjection" */;
			buildPhases = (
				09CA62C428E87A7100576AB9 /* Sources */,
				09CA62C528E87A7100576AB9 /* Frameworks */,
				09CA62C628E87A7100576AB9 /* Resources */,
			);
			buildRules = (
			);
			dependencies = (
			);
			name = DependencyInjection;
			packageProductDependencies = (
				09CA62E028E87AAD00576AB9 /* Swinject */,
			);
			productName = DependencyInjection;
			productReference = 09CA62C828E87A7100576AB9 /* DependencyInjection.app */;
			productType = "com.apple.product-type.application";
		};
/* End PBXNativeTarget section */

/* Begin PBXProject section */
		09CA62C028E87A7100576AB9 /* Project object */ = {
			isa = PBXProject;
			attributes = {
				BuildIndependentTargetsInParallel = 1;
				LastSwiftUpdateCheck = 1330;
				LastUpgradeCheck = 1330;
				TargetAttributes = {
					09CA62C728E87A7100576AB9 = {
						CreatedOnToolsVersion = 13.3.1;
					};
				};
			};
			buildConfigurationList = 09CA62C328E87A7100576AB9 /* Build configuration list for PBXProject "DependencyInjection" */;
			compatibilityVersion = "Xcode 13.0";
			developmentRegion = en;
			hasScannedForEncodings = 0;
			knownRegions = (
				en,
				Base,
			);
			mainGroup = 09CA62BF28E87A7100576AB9;
			packageReferences = (
				09CA62DF28E87AAD00576AB9 /* XCRemoteSwiftPackageReference "Swinject" */,
			);
			productRefGroup = 09CA62C928E87A7100576AB9 /* Products */;
			projectDirPath = "";
			projectRoot = "";
			targets = (
				09CA62C728E87A7100576AB9 /* DependencyInjection */,
			);
		};
/* End PBXProject section */

/* Begin PBXResourcesBuildPhase section */
		09CA62C628E87A7100576AB9 /* Resources */ = {
			isa = PBXResourcesBuildPhase;
			buildActionMask = 2147483647;
			files = (
				09CA62D828E87A7200576AB9 /* LaunchScreen.storyboard in Resources */,
				09CA62D528E87A7200576AB9 /* Assets.xcassets in Resources */,
				09CA62D328E87A7100576AB9 /* Main.storyboard in Resources */,
			);
			runOnlyForDeploymentPostprocessing = 0;
		};
/* End PBXResourcesBuildPhase section */

/* Begin PBXSourcesBuildPhase section */
		09CA62C428E87A7100576AB9 /* Sources */ = {
			isa = PBXSourcesBuildPhase;
			buildActionMask = 2147483647;
			files = (
				09CA62E528E87B2900576AB9 /* BackgroundProviderProtocol.swift in Sources */,
				09CA62D028E87A7100576AB9 /* ViewController.swift in Sources */,
				09CA62E328E87B0A00576AB9 /* BackgroundProvidingClass.swift in Sources */,
				09CA62CC28E87A7100576AB9 /* AppDelegate.swift in Sources */,
				09CA62E728E87B5A00576AB9 /* NextVCViewController.swift in Sources */,
				09CA62CE28E87A7100576AB9 /* SceneDelegate.swift in Sources */,
			);
			runOnlyForDeploymentPostprocessing = 0;
		};
/* End PBXSourcesBuildPhase section */

/* Begin PBXVariantGroup section */
		09CA62D128E87A7100576AB9 /* Main.storyboard */ = {
			isa = PBXVariantGroup;
			children = (
				09CA62D228E87A7100576AB9 /* Base */,
			);
			name = Main.storyboard;
			sourceTree = "<group>";
		};
		09CA62D628E87A7200576AB9 /* LaunchScreen.storyboard */ = {
			isa = PBXVariantGroup;
			children = (
				09CA62D728E87A7200576AB9 /* Base */,
			);
			name = LaunchScreen.storyboard;
			sourceTree = "<group>";
		};
/* End PBXVariantGroup section */

/* Begin XCBuildConfiguration section */
		09CA62DA28E87A7200576AB9 /* Debug */ = {
			isa = XCBuildConfiguration;
			buildSettings = {
				ALWAYS_SEARCH_USER_PATHS = NO;
				CLANG_ANALYZER_NONNULL = YES;
				CLANG_ANALYZER_NUMBER_OBJECT_CONVERSION = YES_AGGRESSIVE;
				CLANG_CXX_LANGUAGE_STANDARD = "gnu++17";
				CLANG_ENABLE_MODULES = YES;
				CLANG_ENABLE_OBJC_ARC = YES;
				CLANG_ENABLE_OBJC_WEAK = YES;
				CLANG_WARN_BLOCK_CAPTURE_AUTORELEASING = YES;
				CLANG_WARN_BOOL_CONVERSION = YES;
				CLANG_WARN_COMMA = YES;
				CLANG_WARN_CONSTANT_CONVERSION = YES;
				CLANG_WARN_DEPRECATED_OBJC_IMPLEMENTATIONS = YES;
				CLANG_WARN_DIRECT_OBJC_ISA_USAGE = YES_ERROR;
				CLANG_WARN_DOCUMENTATION_COMMENTS = YES;
				CLANG_WARN_EMPTY_BODY = YES;
				CLANG_WARN_ENUM_CONVERSION = YES;
				CLANG_WARN_INFINITE_RECURSION = YES;
				CLANG_WARN_INT_CONVERSION = YES;
				CLANG_WARN_NON_LITERAL_NULL_CONVERSION = YES;
				CLANG_WARN_OBJC_IMPLICIT_RETAIN_SELF = YES;
				CLANG_WARN_OBJC_LITERAL_CONVERSION = YES;
				CLANG_WARN_OBJC_ROOT_CLASS = YES_ERROR;
				CLANG_WARN_QUOTED_INCLUDE_IN_FRAMEWORK_HEADER = YES;
				CLANG_WARN_RANGE_LOOP_ANALYSIS = YES;
				CLANG_WARN_STRICT_PROTOTYPES = YES;
				CLANG_WARN_SUSPICIOUS_MOVE = YES;
				CLANG_WARN_UNGUARDED_AVAILABILITY = YES_AGGRESSIVE;
				CLANG_WARN_UNREACHABLE_CODE = YES;
				CLANG_WARN__DUPLICATE_METHOD_MATCH = YES;
				COPY_PHASE_STRIP = NO;
				DEBUG_INFORMATION_FORMAT = dwarf;
				ENABLE_STRICT_OBJC_MSGSEND = YES;
				ENABLE_TESTABILITY = YES;
				GCC_C_LANGUAGE_STANDARD = gnu11;
				GCC_DYNAMIC_NO_PIC = NO;
				GCC_NO_COMMON_BLOCKS = YES;
				GCC_OPTIMIZATION_LEVEL = 0;
				GCC_PREPROCESSOR_DEFINITIONS = (
					"DEBUG=1",
					"$(inherited)",
				);
				GCC_WARN_64_TO_32_BIT_CONVERSION = YES;
				GCC_WARN_ABOUT_RETURN_TYPE = YES_ERROR;
				GCC_WARN_UNDECLARED_SELECTOR = YES;
				GCC_WARN_UNINITIALIZED_AUTOS = YES_AGGRESSIVE;
				GCC_WARN_UNUSED_FUNCTION = YES;
				GCC_WARN_UNUSED_VARIABLE = YES;
				IPHONEOS_DEPLOYMENT_TARGET = 15.4;
				MTL_ENABLE_DEBUG_INFO = INCLUDE_SOURCE;
				MTL_FAST_MATH = YES;
				ONLY_ACTIVE_ARCH = YES;
				SDKROOT = iphoneos;
				SWIFT_ACTIVE_COMPILATION_CONDITIONS = DEBUG;
				SWIFT_OPTIMIZATION_LEVEL = "-Onone";
			};
			name = Debug;
		};
		09CA62DB28E87A7200576AB9 /* Release */ = {
			isa = XCBuildConfiguration;
			buildSettings = {
				ALWAYS_SEARCH_USER_PATHS = NO;
				CLANG_ANALYZER_NONNULL = YES;
				CLANG_ANALYZER_NUMBER_OBJECT_CONVERSION = YES_AGGRESSIVE;
				CLANG_CXX_LANGUAGE_STANDARD = "gnu++17";
				CLANG_ENABLE_MODULES = YES;
				CLANG_ENABLE_OBJC_ARC = YES;
				CLANG_ENABLE_OBJC_WEAK = YES;
				CLANG_WARN_BLOCK_CAPTURE_AUTORELEASING = YES;
				CLANG_WARN_BOOL_CONVERSION = YES;
				CLANG_WARN_COMMA = YES;
				CLANG_WARN_CONSTANT_CONVERSION = YES;
				CLANG_WARN_DEPRECATED_OBJC_IMPLEMENTATIONS = YES;
				CLANG_WARN_DIRECT_OBJC_ISA_USAGE = YES_ERROR;
				CLANG_WARN_DOCUMENTATION_COMMENTS = YES;
				CLANG_WARN_EMPTY_BODY = YES;
				CLANG_WARN_ENUM_CONVERSION = YES;
				CLANG_WARN_INFINITE_RECURSION = YES;
				CLANG_WARN_INT_CONVERSION = YES;
				CLANG_WARN_NON_LITERAL_NULL_CONVERSION = YES;
				CLANG_WARN_OBJC_IMPLICIT_RETAIN_SELF = YES;
				CLANG_WARN_OBJC_LITERAL_CONVERSION = YES;
				CLANG_WARN_OBJC_ROOT_CLASS = YES_ERROR;
				CLANG_WARN_QUOTED_INCLUDE_IN_FRAMEWORK_HEADER = YES;
				CLANG_WARN_RANGE_LOOP_ANALYSIS = YES;
				CLANG_WARN_STRICT_PROTOTYPES = YES;
				CLANG_WARN_SUSPICIOUS_MOVE = YES;
				CLANG_WARN_UNGUARDED_AVAILABILITY = YES_AGGRESSIVE;
				CLANG_WARN_UNREACHABLE_CODE = YES;
				CLANG_WARN__DUPLICATE_METHOD_MATCH = YES;
				COPY_PHASE_STRIP = NO;
				DEBUG_INFORMATION_FORMAT = "dwarf-with-dsym";
				ENABLE_NS_ASSERTIONS = NO;
				ENABLE_STRICT_OBJC_MSGSEND = YES;
				GCC_C_LANGUAGE_STANDARD = gnu11;
				GCC_NO_COMMON_BLOCKS = YES;
				GCC_WARN_64_TO_32_BIT_CONVERSION = YES;
				GCC_WARN_ABOUT_RETURN_TYPE = YES_ERROR;
				GCC_WARN_UNDECLARED_SELECTOR = YES;
				GCC_WARN_UNINITIALIZED_AUTOS = YES_AGGRESSIVE;
				GCC_WARN_UNUSED_FUNCTION = YES;
				GCC_WARN_UNUSED_VARIABLE = YES;
				IPHONEOS_DEPLOYMENT_TARGET = 15.4;
				MTL_ENABLE_DEBUG_INFO = NO;
				MTL_FAST_MATH = YES;
				SDKROOT = iphoneos;
				SWIFT_COMPILATION_MODE = wholemodule;
				SWIFT_OPTIMIZATION_LEVEL = "-O";
				VALIDATE_PRODUCT = YES;
			};
			name = Release;
		};
		09CA62DD28E87A7200576AB9 /* Debug */ = {
			isa = XCBuildConfiguration;
			buildSettings = {
				ASSETCATALOG_COMPILER_APPICON_NAME = AppIcon;
				ASSETCATALOG_COMPILER_GLOBAL_ACCENT_COLOR_NAME = AccentColor;
				CODE_SIGN_STYLE = Automatic;
				CURRENT_PROJECT_VERSION = 1;
				DEVELOPMENT_TEAM = 4AA3UHVMV6;
				GENERATE_INFOPLIST_FILE = YES;
				INFOPLIST_FILE = DependencyInjection/Info.plist;
				INFOPLIST_KEY_UIApplicationSupportsIndirectInputEvents = YES;
				INFOPLIST_KEY_UILaunchStoryboardName = LaunchScreen;
				INFOPLIST_KEY_UIMainStoryboardFile = Main;
				INFOPLIST_KEY_UISupportedInterfaceOrientations_iPad = "UIInterfaceOrientationPortrait UIInterfaceOrientationPortraitUpsideDown UIInterfaceOrientationLandscapeLeft UIInterfaceOrientationLandscapeRight";
				INFOPLIST_KEY_UISupportedInterfaceOrientations_iPhone = "UIInterfaceOrientationPortrait UIInterfaceOrientationLandscapeLeft UIInterfaceOrientationLandscapeRight";
				LD_RUNPATH_SEARCH_PATHS = (
					"$(inherited)",
					"@executable_path/Frameworks",
				);
				MARKETING_VERSION = 1.0;
				PRODUCT_BUNDLE_IDENTIFIER = com.bedirhanaltun.DependencyInjection;
				PRODUCT_NAME = "$(TARGET_NAME)";
				SWIFT_EMIT_LOC_STRINGS = YES;
				SWIFT_VERSION = 5.0;
				TARGETED_DEVICE_FAMILY = "1,2";
			};
			name = Debug;
		};
		09CA62DE28E87A7200576AB9 /* Release */ = {
			isa = XCBuildConfiguration;
			buildSettings = {
				ASSETCATALOG_COMPILER_APPICON_NAME = AppIcon;
				ASSETCATALOG_COMPILER_GLOBAL_ACCENT_COLOR_NAME = AccentColor;
				CODE_SIGN_STYLE = Automatic;
				CURRENT_PROJECT_VERSION = 1;
				DEVELOPMENT_TEAM = 4AA3UHVMV6;
				GENERATE_INFOPLIST_FILE = YES;
				INFOPLIST_FILE = DependencyInjection/Info.plist;
				INFOPLIST_KEY_UIApplicationSupportsIndirectInputEvents = YES;
				INFOPLIST_KEY_UILaunchStoryboardName = LaunchScreen;
				INFOPLIST_KEY_UIMainStoryboardFile = Main;
				INFOPLIST_KEY_UISupportedInterfaceOrientations_iPad = "UIInterfaceOrientationPortrait UIInterfaceOrientationPortraitUpsideDown UIInterfaceOrientationLandscapeLeft UIInterfaceOrientationLandscapeRight";
				INFOPLIST_KEY_UISupportedInterfaceOrientations_iPhone = "UIInterfaceOrientationPortrait UIInterfaceOrientationLandscapeLeft UIInterfaceOrientationLandscapeRight";
				LD_RUNPATH_SEARCH_PATHS = (
					"$(inherited)",
					"@executable_path/Frameworks",
				);
				MARKETING_VERSION = 1.0;
				PRODUCT_BUNDLE_IDENTIFIER = com.bedirhanaltun.DependencyInjection;
				PRODUCT_NAME = "$(TARGET_NAME)";
				SWIFT_EMIT_LOC_STRINGS = YES;
				SWIFT_VERSION = 5.0;
				TARGETED_DEVICE_FAMILY = "1,2";
			};
			name = Release;
		};
/* End XCBuildConfiguration section */

/* Begin XCConfigurationList section */
		09CA62C328E87A7100576AB9 /* Build configuration list for PBXProject "DependencyInjection" */ = {
			isa = XCConfigurationList;
			buildConfigurations = (
				09CA62DA28E87A7200576AB9 /* Debug */,
				09CA62DB28E87A7200576AB9 /* Release */,
			);
			defaultConfigurationIsVisible = 0;
			defaultConfigurationName = Release;
		};
		09CA62DC28E87A7200576AB9 /* Build configuration list for PBXNativeTarget "DependencyInjection" */ = {
			isa = XCConfigurationList;
			buildConfigurations = (
				09CA62DD28E87A7200576AB9 /* Debug */,
				09CA62DE28E87A7200576AB9 /* Release */,
			);
			defaultConfigurationIsVisible = 0;
			defaultConfigurationName = Release;
		};
/* End XCConfigurationList section */

/* Begin XCRemoteSwiftPackageReference section */
		09CA62DF28E87AAD00576AB9 /* XCRemoteSwiftPackageReference "Swinject" */ = {
			isa = XCRemoteSwiftPackageReference;
			repositoryURL = "https://github.com/Swinject/Swinject.git";
			requirement = {
				kind = upToNextMajorVersion;
				minimumVersion = 2.0.0;
			};
		};
/* End XCRemoteSwiftPackageReference section */

/* Begin XCSwiftPackageProductDependency section */
		09CA62E028E87AAD00576AB9 /* Swinject */ = {
			isa = XCSwiftPackageProductDependency;
			package = 09CA62DF28E87AAD00576AB9 /* XCRemoteSwiftPackageReference "Swinject" */;
			productName = Swinject;
		};
/* End XCSwiftPackageProductDependency section */
	};
	rootObject = 09CA62C028E87A7100576AB9 /* Project object */;
}
